<?xml version="1.0" encoding="UTF-8"?>
<Scheme
   version = "1.3">
   <BuildAction>
      <BuildActionEntries>
         <BuildActionEntry
            buildForRunning = "YES">
            <BuildableReference
               BuildableIdentifier = "primary"
               BlueprintIdentifier = "BB2D25BA240F198B00662A08"
               BuildableName = "XcodeMapApp.app"
               BlueprintName = "XcodeMapApp"
               ReferencedContainer = "container:XcodeMapApp.xcodeproj">
            </BuildableReference>
         </BuildActionEntry>
      </BuildActionEntries>
   </BuildAction>
   <LaunchAction
      useCustomWorkingDirectory = "NO"
      buildConfiguration = "Debug"
      allowLocationSimulation = "YES">
      <BuildableProductRunnable>
         <BuildableReference
            BuildableIdentifier = "primary"
            BlueprintIdentifier = "BB2D25BA240F198B00662A08"
            BuildableName = "XcodeMapApp.app"
            BlueprintName = "XcodeMapApp"
            ReferencedContainer = "container:XcodeMapApp.xcodeproj">
         </BuildableReference>
      </BuildableProductRunnable>
   </LaunchAction>
</Scheme>
